// !$*UTF8*$!
{
	archiveVersion = 1;
	classes = {
	};
	objectVersion = 50;
	objects = {

/* Begin PBXBuildFile section */
		9E80C4BD20C026B5005A5F29 /* AppDelegate.swift in Sources */ = {isa = PBXBuildFile; fileRef = 9E80C4BC20C026B5005A5F29 /* AppDelegate.swift */; };
		9E80C4BF20C026B5005A5F29 /* ViewController.swift in Sources */ = {isa = PBXBuildFile; fileRef = 9E80C4BE20C026B5005A5F29 /* ViewController.swift */; };
		9E80C4C220C026B5005A5F29 /* Main.storyboard in Resources */ = {isa = PBXBuildFile; fileRef = 9E80C4C020C026B5005A5F29 /* Main.storyboard */; };
		9E80C4C420C026B6005A5F29 /* Assets.xcassets in Resources */ = {isa = PBXBuildFile; fileRef = 9E80C4C320C026B6005A5F29 /* Assets.xcassets */; };
		9E80C4C720C026B6005A5F29 /* LaunchScreen.storyboard in Resources */ = {isa = PBXBuildFile; fileRef = 9E80C4C520C026B6005A5F29 /* LaunchScreen.storyboard */; };
		9E80C4D320C05BB5005A5F29 /* EndPointType.swift in Sources */ = {isa = PBXBuildFile; fileRef = 9E80C4D220C05BB5005A5F29 /* EndPointType.swift */; };
		9E80C4D520C05D60005A5F29 /* SearchRequestEndPoint.swift in Sources */ = {isa = PBXBuildFile; fileRef = 9E80C4D420C05D60005A5F29 /* SearchRequestEndPoint.swift */; };
		9E80C4D720C11A78005A5F29 /* RouterManager.swift in Sources */ = {isa = PBXBuildFile; fileRef = 9E80C4D620C11A78005A5F29 /* RouterManager.swift */; };
		9E80C4D920C11A88005A5F29 /* NetworkRouter.swift in Sources */ = {isa = PBXBuildFile; fileRef = 9E80C4D820C11A88005A5F29 /* NetworkRouter.swift */; };
		9E80C4DB20C11ADE005A5F29 /* CacheRouter.swift in Sources */ = {isa = PBXBuildFile; fileRef = 9E80C4DA20C11ADE005A5F29 /* CacheRouter.swift */; };
		9E80C4DD20C12D89005A5F29 /* JsonSerialiser.swift in Sources */ = {isa = PBXBuildFile; fileRef = 9E80C4DC20C12D89005A5F29 /* JsonSerialiser.swift */; };
		9E80C4DF20C1725E005A5F29 /* Cache.swift in Sources */ = {isa = PBXBuildFile; fileRef = 9E80C4DE20C1725E005A5F29 /* Cache.swift */; };
		9E80C4E220C2E9F6005A5F29 /* TokoProduct.swift in Sources */ = {isa = PBXBuildFile; fileRef = 9E80C4E120C2E9F6005A5F29 /* TokoProduct.swift */; };
		9E80C4E420C2ECE4005A5F29 /* ResponseStatus.swift in Sources */ = {isa = PBXBuildFile; fileRef = 9E80C4E320C2ECE4005A5F29 /* ResponseStatus.swift */; };
		9E80C4E620C2EE82005A5F29 /* SearchResponse.swift in Sources */ = {isa = PBXBuildFile; fileRef = 9E80C4E520C2EE82005A5F29 /* SearchResponse.swift */; };
		9E80C4E820C34802005A5F29 /* SearchCollectionView.swift in Sources */ = {isa = PBXBuildFile; fileRef = 9E80C4E720C34802005A5F29 /* SearchCollectionView.swift */; };
		9E80C4EA20C3492C005A5F29 /* Constants.swift in Sources */ = {isa = PBXBuildFile; fileRef = 9E80C4E920C3492C005A5F29 /* Constants.swift */; };
		9E80C4ED20C34E1C005A5F29 /* SearchItemCollectionViewCell.swift in Sources */ = {isa = PBXBuildFile; fileRef = 9E80C4EB20C34E1C005A5F29 /* SearchItemCollectionViewCell.swift */; };
		9E80C4EE20C34E1C005A5F29 /* SearchItemCollectionViewCell.xib in Resources */ = {isa = PBXBuildFile; fileRef = 9E80C4EC20C34E1C005A5F29 /* SearchItemCollectionViewCell.xib */; };
		9E80C4F220C413AC005A5F29 /* LoadMoreCollectionViewCell.swift in Sources */ = {isa = PBXBuildFile; fileRef = 9E80C4F020C413AC005A5F29 /* LoadMoreCollectionViewCell.swift */; };
		9E80C4F320C413AC005A5F29 /* LoadMoreCollectionViewCell.xib in Resources */ = {isa = PBXBuildFile; fileRef = 9E80C4F120C413AC005A5F29 /* LoadMoreCollectionViewCell.xib */; };
		9E80C4F720C415E8005A5F29 /* SearchDataService.swift in Sources */ = {isa = PBXBuildFile; fileRef = 9E80C4F620C415E8005A5F29 /* SearchDataService.swift */; };
		9E80C4F920C42600005A5F29 /* ResponseHeader.swift in Sources */ = {isa = PBXBuildFile; fileRef = 9E80C4F820C42600005A5F29 /* ResponseHeader.swift */; };
		9E80C4FB20C445B5005A5F29 /* SearchFilterProtocol.swift in Sources */ = {isa = PBXBuildFile; fileRef = 9E80C4FA20C445B5005A5F29 /* SearchFilterProtocol.swift */; };
		9E80C4FD20C448BC005A5F29 /* SearchFilter.swift in Sources */ = {isa = PBXBuildFile; fileRef = 9E80C4FC20C448BC005A5F29 /* SearchFilter.swift */; };
		9E80C50120C44C31005A5F29 /* FilterTableView.swift in Sources */ = {isa = PBXBuildFile; fileRef = 9E80C50020C44C31005A5F29 /* FilterTableView.swift */; };
		9E80C50420C4536D005A5F29 /* FilterHeaderTableViewCell.swift in Sources */ = {isa = PBXBuildFile; fileRef = 9E80C50220C4536D005A5F29 /* FilterHeaderTableViewCell.swift */; };
		9E80C50520C4536D005A5F29 /* FilterHeaderTableViewCell.xib in Resources */ = {isa = PBXBuildFile; fileRef = 9E80C50320C4536D005A5F29 /* FilterHeaderTableViewCell.xib */; };
		9E80C50920C457B7005A5F29 /* FilterViewController.swift in Sources */ = {isa = PBXBuildFile; fileRef = 9E80C50720C457B7005A5F29 /* FilterViewController.swift */; };
		9E80C50A20C457B7005A5F29 /* FilterViewController.xib in Resources */ = {isa = PBXBuildFile; fileRef = 9E80C50820C457B7005A5F29 /* FilterViewController.xib */; };
		9E80C50D20C458D4005A5F29 /* FilterBodyTableViewCell.swift in Sources */ = {isa = PBXBuildFile; fileRef = 9E80C50B20C458D4005A5F29 /* FilterBodyTableViewCell.swift */; };
		9E80C50E20C458D4005A5F29 /* FilterBodyTableViewCell.xib in Resources */ = {isa = PBXBuildFile; fileRef = 9E80C50C20C458D4005A5F29 /* FilterBodyTableViewCell.xib */; };
		E491A3E1E36760802527EA73 /* Pods_SearchFilter.framework in Frameworks */ = {isa = PBXBuildFile; fileRef = A8EB5CA2A442B92309721899 /* Pods_SearchFilter.framework */; };
/* End PBXBuildFile section */

/* Begin PBXFileReference section */
		1362840234D75756D981F62A /* Pods-SearchFilter.debug.xcconfig */ = {isa = PBXFileReference; includeInIndex = 1; lastKnownFileType = text.xcconfig; name = "Pods-SearchFilter.debug.xcconfig"; path = "Pods/Target Support Files/Pods-SearchFilter/Pods-SearchFilter.debug.xcconfig"; sourceTree = "<group>"; };
		57091C278C572241BC86EBE6 /* Pods-SearchFilter.release.xcconfig */ = {isa = PBXFileReference; includeInIndex = 1; lastKnownFileType = text.xcconfig; name = "Pods-SearchFilter.release.xcconfig"; path = "Pods/Target Support Files/Pods-SearchFilter/Pods-SearchFilter.release.xcconfig"; sourceTree = "<group>"; };
		9E80C4B920C026B5005A5F29 /* SearchFilter.app */ = {isa = PBXFileReference; explicitFileType = wrapper.application; includeInIndex = 0; path = SearchFilter.app; sourceTree = BUILT_PRODUCTS_DIR; };
		9E80C4BC20C026B5005A5F29 /* AppDelegate.swift */ = {isa = PBXFileReference; lastKnownFileType = sourcecode.swift; path = AppDelegate.swift; sourceTree = "<group>"; };
		9E80C4BE20C026B5005A5F29 /* ViewController.swift */ = {isa = PBXFileReference; lastKnownFileType = sourcecode.swift; path = ViewController.swift; sourceTree = "<group>"; };
		9E80C4C120C026B5005A5F29 /* Base */ = {isa = PBXFileReference; lastKnownFileType = file.storyboard; name = Base; path = Base.lproj/Main.storyboard; sourceTree = "<group>"; };
		9E80C4C320C026B6005A5F29 /* Assets.xcassets */ = {isa = PBXFileReference; lastKnownFileType = folder.assetcatalog; path = Assets.xcassets; sourceTree = "<group>"; };
		9E80C4C620C026B6005A5F29 /* Base */ = {isa = PBXFileReference; lastKnownFileType = file.storyboard; name = Base; path = Base.lproj/LaunchScreen.storyboard; sourceTree = "<group>"; };
		9E80C4C820C026B7005A5F29 /* Info.plist */ = {isa = PBXFileReference; lastKnownFileType = text.plist.xml; path = Info.plist; sourceTree = "<group>"; };
		9E80C4D220C05BB5005A5F29 /* EndPointType.swift */ = {isa = PBXFileReference; lastKnownFileType = sourcecode.swift; path = EndPointType.swift; sourceTree = "<group>"; };
		9E80C4D420C05D60005A5F29 /* SearchRequestEndPoint.swift */ = {isa = PBXFileReference; lastKnownFileType = sourcecode.swift; path = SearchRequestEndPoint.swift; sourceTree = "<group>"; };
		9E80C4D620C11A78005A5F29 /* RouterManager.swift */ = {isa = PBXFileReference; lastKnownFileType = sourcecode.swift; path = RouterManager.swift; sourceTree = "<group>"; };
		9E80C4D820C11A88005A5F29 /* NetworkRouter.swift */ = {isa = PBXFileReference; lastKnownFileType = sourcecode.swift; path = NetworkRouter.swift; sourceTree = "<group>"; };
		9E80C4DA20C11ADE005A5F29 /* CacheRouter.swift */ = {isa = PBXFileReference; lastKnownFileType = sourcecode.swift; path = CacheRouter.swift; sourceTree = "<group>"; };
		9E80C4DC20C12D89005A5F29 /* JsonSerialiser.swift */ = {isa = PBXFileReference; lastKnownFileType = sourcecode.swift; path = JsonSerialiser.swift; sourceTree = "<group>"; };
		9E80C4DE20C1725E005A5F29 /* Cache.swift */ = {isa = PBXFileReference; lastKnownFileType = sourcecode.swift; path = Cache.swift; sourceTree = "<group>"; };
		9E80C4E120C2E9F6005A5F29 /* TokoProduct.swift */ = {isa = PBXFileReference; lastKnownFileType = sourcecode.swift; path = TokoProduct.swift; sourceTree = "<group>"; };
		9E80C4E320C2ECE4005A5F29 /* ResponseStatus.swift */ = {isa = PBXFileReference; lastKnownFileType = sourcecode.swift; path = ResponseStatus.swift; sourceTree = "<group>"; };
		9E80C4E520C2EE82005A5F29 /* SearchResponse.swift */ = {isa = PBXFileReference; lastKnownFileType = sourcecode.swift; path = SearchResponse.swift; sourceTree = "<group>"; };
		9E80C4E720C34802005A5F29 /* SearchCollectionView.swift */ = {isa = PBXFileReference; lastKnownFileType = sourcecode.swift; path = SearchCollectionView.swift; sourceTree = "<group>"; };
		9E80C4E920C3492C005A5F29 /* Constants.swift */ = {isa = PBXFileReference; lastKnownFileType = sourcecode.swift; path = Constants.swift; sourceTree = "<group>"; };
		9E80C4EB20C34E1C005A5F29 /* SearchItemCollectionViewCell.swift */ = {isa = PBXFileReference; lastKnownFileType = sourcecode.swift; path = SearchItemCollectionViewCell.swift; sourceTree = "<group>"; };
		9E80C4EC20C34E1C005A5F29 /* SearchItemCollectionViewCell.xib */ = {isa = PBXFileReference; lastKnownFileType = file.xib; path = SearchItemCollectionViewCell.xib; sourceTree = "<group>"; };
		9E80C4F020C413AC005A5F29 /* LoadMoreCollectionViewCell.swift */ = {isa = PBXFileReference; lastKnownFileType = sourcecode.swift; path = LoadMoreCollectionViewCell.swift; sourceTree = "<group>"; };
		9E80C4F120C413AC005A5F29 /* LoadMoreCollectionViewCell.xib */ = {isa = PBXFileReference; lastKnownFileType = file.xib; path = LoadMoreCollectionViewCell.xib; sourceTree = "<group>"; };
		9E80C4F620C415E8005A5F29 /* SearchDataService.swift */ = {isa = PBXFileReference; lastKnownFileType = sourcecode.swift; path = SearchDataService.swift; sourceTree = "<group>"; };
		9E80C4F820C42600005A5F29 /* ResponseHeader.swift */ = {isa = PBXFileReference; lastKnownFileType = sourcecode.swift; path = ResponseHeader.swift; sourceTree = "<group>"; };
		9E80C4FA20C445B5005A5F29 /* SearchFilterProtocol.swift */ = {isa = PBXFileReference; lastKnownFileType = sourcecode.swift; path = SearchFilterProtocol.swift; sourceTree = "<group>"; };
		9E80C4FC20C448BC005A5F29 /* SearchFilter.swift */ = {isa = PBXFileReference; lastKnownFileType = sourcecode.swift; path = SearchFilter.swift; sourceTree = "<group>"; };
		9E80C50020C44C31005A5F29 /* FilterTableView.swift */ = {isa = PBXFileReference; lastKnownFileType = sourcecode.swift; path = FilterTableView.swift; sourceTree = "<group>"; };
		9E80C50220C4536D005A5F29 /* FilterHeaderTableViewCell.swift */ = {isa = PBXFileReference; lastKnownFileType = sourcecode.swift; path = FilterHeaderTableViewCell.swift; sourceTree = "<group>"; };
		9E80C50320C4536D005A5F29 /* FilterHeaderTableViewCell.xib */ = {isa = PBXFileReference; lastKnownFileType = file.xib; path = FilterHeaderTableViewCell.xib; sourceTree = "<group>"; };
		9E80C50720C457B7005A5F29 /* FilterViewController.swift */ = {isa = PBXFileReference; lastKnownFileType = sourcecode.swift; path = FilterViewController.swift; sourceTree = "<group>"; };
		9E80C50820C457B7005A5F29 /* FilterViewController.xib */ = {isa = PBXFileReference; lastKnownFileType = file.xib; path = FilterViewController.xib; sourceTree = "<group>"; };
		9E80C50B20C458D4005A5F29 /* FilterBodyTableViewCell.swift */ = {isa = PBXFileReference; lastKnownFileType = sourcecode.swift; path = FilterBodyTableViewCell.swift; sourceTree = "<group>"; };
		9E80C50C20C458D4005A5F29 /* FilterBodyTableViewCell.xib */ = {isa = PBXFileReference; lastKnownFileType = file.xib; path = FilterBodyTableViewCell.xib; sourceTree = "<group>"; };
		A8EB5CA2A442B92309721899 /* Pods_SearchFilter.framework */ = {isa = PBXFileReference; explicitFileType = wrapper.framework; includeInIndex = 0; path = Pods_SearchFilter.framework; sourceTree = BUILT_PRODUCTS_DIR; };
/* End PBXFileReference section */

/* Begin PBXFrameworksBuildPhase section */
		9E80C4B620C026B5005A5F29 /* Frameworks */ = {
			isa = PBXFrameworksBuildPhase;
			buildActionMask = 2147483647;
			files = (
				E491A3E1E36760802527EA73 /* Pods_SearchFilter.framework in Frameworks */,
			);
			runOnlyForDeploymentPostprocessing = 0;
		};
/* End PBXFrameworksBuildPhase section */

/* Begin PBXGroup section */
		511CFE697319C752FCB3AC25 /* Frameworks */ = {
			isa = PBXGroup;
			children = (
				A8EB5CA2A442B92309721899 /* Pods_SearchFilter.framework */,
			);
			name = Frameworks;
			sourceTree = "<group>";
		};
		9E80C4B020C026B5005A5F29 = {
			isa = PBXGroup;
			children = (
				9E80C4BB20C026B5005A5F29 /* SearchFilter */,
				9E80C4BA20C026B5005A5F29 /* Products */,
				A740B0C6EB5793C89966C721 /* Pods */,
				511CFE697319C752FCB3AC25 /* Frameworks */,
			);
			sourceTree = "<group>";
		};
		9E80C4BA20C026B5005A5F29 /* Products */ = {
			isa = PBXGroup;
			children = (
				9E80C4B920C026B5005A5F29 /* SearchFilter.app */,
			);
			name = Products;
			sourceTree = "<group>";
		};
		9E80C4BB20C026B5005A5F29 /* SearchFilter */ = {
			isa = PBXGroup;
			children = (
				9E80C4BC20C026B5005A5F29 /* AppDelegate.swift */,
				9E80C4E020C1726E005A5F29 /* Model */,
				9E80C4D120C059D8005A5F29 /* DataLayer */,
				9E80C4D020C059CB005A5F29 /* Helpers */,
				9E80C4CF20C059B3005A5F29 /* ViewControllers */,
				9E80C4CE20C059A1005A5F29 /* Views */,
				9E80C4C020C026B5005A5F29 /* Main.storyboard */,
				9E80C4C320C026B6005A5F29 /* Assets.xcassets */,
				9E80C4C520C026B6005A5F29 /* LaunchScreen.storyboard */,
				9E80C4C820C026B7005A5F29 /* Info.plist */,
			);
			path = SearchFilter;
			sourceTree = "<group>";
		};
		9E80C4CE20C059A1005A5F29 /* Views */ = {
			isa = PBXGroup;
			children = (
				9E80C4E720C34802005A5F29 /* SearchCollectionView.swift */,
				9E80C50020C44C31005A5F29 /* FilterTableView.swift */,
				9E80C50620C45375005A5F29 /* TableViewCells */,
				9E80C4EF20C4137B005A5F29 /* CollectionCells */,
			);
			path = Views;
			sourceTree = "<group>";
		};
		9E80C4CF20C059B3005A5F29 /* ViewControllers */ = {
			isa = PBXGroup;
			children = (
				9E80C4BE20C026B5005A5F29 /* ViewController.swift */,
				9E80C50720C457B7005A5F29 /* FilterViewController.swift */,
				9E80C50820C457B7005A5F29 /* FilterViewController.xib */,
			);
			path = ViewControllers;
			sourceTree = "<group>";
		};
		9E80C4D020C059CB005A5F29 /* Helpers */ = {
			isa = PBXGroup;
			children = (
				9E80C4E920C3492C005A5F29 /* Constants.swift */,
				9E80C4F620C415E8005A5F29 /* SearchDataService.swift */,
				9E80C4FA20C445B5005A5F29 /* SearchFilterProtocol.swift */,
				9E80C4FC20C448BC005A5F29 /* SearchFilter.swift */,
			);
			path = Helpers;
			sourceTree = "<group>";
		};
		9E80C4D120C059D8005A5F29 /* DataLayer */ = {
			isa = PBXGroup;
			children = (
				9E80C4F420C41577005A5F29 /* Endpoints */,
				9E80C4F520C415A1005A5F29 /* DataManagers */,
			);
			path = DataLayer;
			sourceTree = "<group>";
		};
		9E80C4E020C1726E005A5F29 /* Model */ = {
			isa = PBXGroup;
			children = (
				9E80C4DE20C1725E005A5F29 /* Cache.swift */,
				9E80C4E320C2ECE4005A5F29 /* ResponseStatus.swift */,
				9E80C4F820C42600005A5F29 /* ResponseHeader.swift */,
				9E80C4E120C2E9F6005A5F29 /* TokoProduct.swift */,
				9E80C4E520C2EE82005A5F29 /* SearchResponse.swift */,
			);
			path = Model;
			sourceTree = "<group>";
		};
		9E80C4EF20C4137B005A5F29 /* CollectionCells */ = {
			isa = PBXGroup;
			children = (
				9E80C4EB20C34E1C005A5F29 /* SearchItemCollectionViewCell.swift */,
				9E80C4EC20C34E1C005A5F29 /* SearchItemCollectionViewCell.xib */,
				9E80C4F020C413AC005A5F29 /* LoadMoreCollectionViewCell.swift */,
				9E80C4F120C413AC005A5F29 /* LoadMoreCollectionViewCell.xib */,
			);
			path = CollectionCells;
			sourceTree = "<group>";
		};
		9E80C4F420C41577005A5F29 /* Endpoints */ = {
			isa = PBXGroup;
			children = (
				9E80C4D220C05BB5005A5F29 /* EndPointType.swift */,
				9E80C4D420C05D60005A5F29 /* SearchRequestEndPoint.swift */,
			);
			name = Endpoints;
			sourceTree = "<group>";
		};
		9E80C4F520C415A1005A5F29 /* DataManagers */ = {
			isa = PBXGroup;
			children = (
				9E80C4D620C11A78005A5F29 /* RouterManager.swift */,
				9E80C4D820C11A88005A5F29 /* NetworkRouter.swift */,
				9E80C4DA20C11ADE005A5F29 /* CacheRouter.swift */,
				9E80C4DC20C12D89005A5F29 /* JsonSerialiser.swift */,
			);
			name = DataManagers;
			sourceTree = "<group>";
		};
		9E80C50620C45375005A5F29 /* TableViewCells */ = {
			isa = PBXGroup;
			children = (
				9E80C50220C4536D005A5F29 /* FilterHeaderTableViewCell.swift */,
				9E80C50320C4536D005A5F29 /* FilterHeaderTableViewCell.xib */,
				9E80C50B20C458D4005A5F29 /* FilterBodyTableViewCell.swift */,
				9E80C50C20C458D4005A5F29 /* FilterBodyTableViewCell.xib */,
			);
			path = TableViewCells;
			sourceTree = "<group>";
		};
		A740B0C6EB5793C89966C721 /* Pods */ = {
			isa = PBXGroup;
			children = (
				1362840234D75756D981F62A /* Pods-SearchFilter.debug.xcconfig */,
				57091C278C572241BC86EBE6 /* Pods-SearchFilter.release.xcconfig */,
			);
			name = Pods;
			sourceTree = "<group>";
		};
/* End PBXGroup section */

/* Begin PBXNativeTarget section */
		9E80C4B820C026B5005A5F29 /* SearchFilter */ = {
			isa = PBXNativeTarget;
			buildConfigurationList = 9E80C4CB20C026B7005A5F29 /* Build configuration list for PBXNativeTarget "SearchFilter" */;
			buildPhases = (
				CCA5CC3F9A79B644DFF09E6C /* [CP] Check Pods Manifest.lock */,
				9E80C4B520C026B5005A5F29 /* Sources */,
				9E80C4B620C026B5005A5F29 /* Frameworks */,
				9E80C4B720C026B5005A5F29 /* Resources */,
				7F069FE2639A692854EF0F32 /* [CP] Embed Pods Frameworks */,
			);
			buildRules = (
			);
			dependencies = (
			);
			name = SearchFilter;
			productName = SearchFilter;
			productReference = 9E80C4B920C026B5005A5F29 /* SearchFilter.app */;
			productType = "com.apple.product-type.application";
		};
/* End PBXNativeTarget section */

/* Begin PBXProject section */
		9E80C4B120C026B5005A5F29 /* Project object */ = {
			isa = PBXProject;
			attributes = {
				LastSwiftUpdateCheck = 0940;
				LastUpgradeCheck = 0940;
				ORGANIZATIONNAME = til;
				TargetAttributes = {
					9E80C4B820C026B5005A5F29 = {
						CreatedOnToolsVersion = 9.4;
					};
				};
			};
			buildConfigurationList = 9E80C4B420C026B5005A5F29 /* Build configuration list for PBXProject "SearchFilter" */;
			compatibilityVersion = "Xcode 9.3";
			developmentRegion = en;
			hasScannedForEncodings = 0;
			knownRegions = (
				en,
				Base,
			);
			mainGroup = 9E80C4B020C026B5005A5F29;
			productRefGroup = 9E80C4BA20C026B5005A5F29 /* Products */;
			projectDirPath = "";
			projectRoot = "";
			targets = (
				9E80C4B820C026B5005A5F29 /* SearchFilter */,
			);
		};
/* End PBXProject section */

/* Begin PBXResourcesBuildPhase section */
		9E80C4B720C026B5005A5F29 /* Resources */ = {
			isa = PBXResourcesBuildPhase;
			buildActionMask = 2147483647;
			files = (
				9E80C50A20C457B7005A5F29 /* FilterViewController.xib in Resources */,
				9E80C4C720C026B6005A5F29 /* LaunchScreen.storyboard in Resources */,
				9E80C4F320C413AC005A5F29 /* LoadMoreCollectionViewCell.xib in Resources */,
				9E80C50E20C458D4005A5F29 /* FilterBodyTableViewCell.xib in Resources */,
				9E80C4C420C026B6005A5F29 /* Assets.xcassets in Resources */,
				9E80C4EE20C34E1C005A5F29 /* SearchItemCollectionViewCell.xib in Resources */,
				9E80C50520C4536D005A5F29 /* FilterHeaderTableViewCell.xib in Resources */,
				9E80C4C220C026B5005A5F29 /* Main.storyboard in Resources */,
			);
			runOnlyForDeploymentPostprocessing = 0;
		};
/* End PBXResourcesBuildPhase section */

/* Begin PBXShellScriptBuildPhase section */
		7F069FE2639A692854EF0F32 /* [CP] Embed Pods Frameworks */ = {
			isa = PBXShellScriptBuildPhase;
			buildActionMask = 2147483647;
			files = (
			);
			inputPaths = (
				"${SRCROOT}/Pods/Target Support Files/Pods-SearchFilter/Pods-SearchFilter-frameworks.sh",
				"${BUILT_PRODUCTS_DIR}/Alamofire/Alamofire.framework",
				"${BUILT_PRODUCTS_DIR}/Disk/Disk.framework",
			);
			name = "[CP] Embed Pods Frameworks";
			outputPaths = (
				"${TARGET_BUILD_DIR}/${FRAMEWORKS_FOLDER_PATH}/Alamofire.framework",
				"${TARGET_BUILD_DIR}/${FRAMEWORKS_FOLDER_PATH}/Disk.framework",
			);
			runOnlyForDeploymentPostprocessing = 0;
			shellPath = /bin/sh;
			shellScript = "\"${SRCROOT}/Pods/Target Support Files/Pods-SearchFilter/Pods-SearchFilter-frameworks.sh\"\n";
			showEnvVarsInLog = 0;
		};
		CCA5CC3F9A79B644DFF09E6C /* [CP] Check Pods Manifest.lock */ = {
			isa = PBXShellScriptBuildPhase;
			buildActionMask = 2147483647;
			files = (
			);
			inputPaths = (
				"${PODS_PODFILE_DIR_PATH}/Podfile.lock",
				"${PODS_ROOT}/Manifest.lock",
			);
			name = "[CP] Check Pods Manifest.lock";
			outputPaths = (
				"$(DERIVED_FILE_DIR)/Pods-SearchFilter-checkManifestLockResult.txt",
			);
			runOnlyForDeploymentPostprocessing = 0;
			shellPath = /bin/sh;
			shellScript = "diff \"${PODS_PODFILE_DIR_PATH}/Podfile.lock\" \"${PODS_ROOT}/Manifest.lock\" > /dev/null\nif [ $? != 0 ] ; then\n    # print error to STDERR\n    echo \"error: The sandbox is not in sync with the Podfile.lock. Run 'pod install' or update your CocoaPods installation.\" >&2\n    exit 1\nfi\n# This output is used by Xcode 'outputs' to avoid re-running this script phase.\necho \"SUCCESS\" > \"${SCRIPT_OUTPUT_FILE_0}\"\n";
			showEnvVarsInLog = 0;
		};
/* End PBXShellScriptBuildPhase section */

/* Begin PBXSourcesBuildPhase section */
		9E80C4B520C026B5005A5F29 /* Sources */ = {
			isa = PBXSourcesBuildPhase;
			buildActionMask = 2147483647;
			files = (
				9E80C4BF20C026B5005A5F29 /* ViewController.swift in Sources */,
				9E80C4DF20C1725E005A5F29 /* Cache.swift in Sources */,
				9E80C4E220C2E9F6005A5F29 /* TokoProduct.swift in Sources */,
				9E80C4D320C05BB5005A5F29 /* EndPointType.swift in Sources */,
				9E80C50120C44C31005A5F29 /* FilterTableView.swift in Sources */,
				9E80C4E820C34802005A5F29 /* SearchCollectionView.swift in Sources */,
				9E80C4FD20C448BC005A5F29 /* SearchFilter.swift in Sources */,
				9E80C50D20C458D4005A5F29 /* FilterBodyTableViewCell.swift in Sources */,
				9E80C50920C457B7005A5F29 /* FilterViewController.swift in Sources */,
				9E80C4D720C11A78005A5F29 /* RouterManager.swift in Sources */,
				9E80C4E420C2ECE4005A5F29 /* ResponseStatus.swift in Sources */,
				9E80C50420C4536D005A5F29 /* FilterHeaderTableViewCell.swift in Sources */,
				9E80C4F920C42600005A5F29 /* ResponseHeader.swift in Sources */,
				9E80C4D520C05D60005A5F29 /* SearchRequestEndPoint.swift in Sources */,
				9E80C4DD20C12D89005A5F29 /* JsonSerialiser.swift in Sources */,
				9E80C4EA20C3492C005A5F29 /* Constants.swift in Sources */,
				9E80C4FB20C445B5005A5F29 /* SearchFilterProtocol.swift in Sources */,
				9E80C4F220C413AC005A5F29 /* LoadMoreCollectionViewCell.swift in Sources */,
				9E80C4E620C2EE82005A5F29 /* SearchResponse.swift in Sources */,
				9E80C4BD20C026B5005A5F29 /* AppDelegate.swift in Sources */,
				9E80C4DB20C11ADE005A5F29 /* CacheRouter.swift in Sources */,
				9E80C4ED20C34E1C005A5F29 /* SearchItemCollectionViewCell.swift in Sources */,
				9E80C4D920C11A88005A5F29 /* NetworkRouter.swift in Sources */,
				9E80C4F720C415E8005A5F29 /* SearchDataService.swift in Sources */,
			);
			runOnlyForDeploymentPostprocessing = 0;
		};
/* End PBXSourcesBuildPhase section */

/* Begin PBXVariantGroup section */
		9E80C4C020C026B5005A5F29 /* Main.storyboard */ = {
			isa = PBXVariantGroup;
			children = (
				9E80C4C120C026B5005A5F29 /* Base */,
			);
			name = Main.storyboard;
			sourceTree = "<group>";
		};
		9E80C4C520C026B6005A5F29 /* LaunchScreen.storyboard */ = {
			isa = PBXVariantGroup;
			children = (
				9E80C4C620C026B6005A5F29 /* Base */,
			);
			name = LaunchScreen.storyboard;
			sourceTree = "<group>";
		};
/* End PBXVariantGroup section */

/* Begin XCBuildConfiguration section */
		9E80C4C920C026B7005A5F29 /* Debug */ = {
			isa = XCBuildConfiguration;
			buildSettings = {
				ALWAYS_SEARCH_USER_PATHS = NO;
				CLANG_ANALYZER_NONNULL = YES;
				CLANG_ANALYZER_NUMBER_OBJECT_CONVERSION = YES_AGGRESSIVE;
				CLANG_CXX_LANGUAGE_STANDARD = "gnu++14";
				CLANG_CXX_LIBRARY = "libc++";
				CLANG_ENABLE_MODULES = YES;
				CLANG_ENABLE_OBJC_ARC = YES;
				CLANG_ENABLE_OBJC_WEAK = YES;
				CLANG_WARN_BLOCK_CAPTURE_AUTORELEASING = YES;
				CLANG_WARN_BOOL_CONVERSION = YES;
				CLANG_WARN_COMMA = YES;
				CLANG_WARN_CONSTANT_CONVERSION = YES;
				CLANG_WARN_DEPRECATED_OBJC_IMPLEMENTATIONS = YES;
				CLANG_WARN_DIRECT_OBJC_ISA_USAGE = YES_ERROR;
				CLANG_WARN_DOCUMENTATION_COMMENTS = YES;
				CLANG_WARN_EMPTY_BODY = YES;
				CLANG_WARN_ENUM_CONVERSION = YES;
				CLANG_WARN_INFINITE_RECURSION = YES;
				CLANG_WARN_INT_CONVERSION = YES;
				CLANG_WARN_NON_LITERAL_NULL_CONVERSION = YES;
				CLANG_WARN_OBJC_IMPLICIT_RETAIN_SELF = YES;
				CLANG_WARN_OBJC_LITERAL_CONVERSION = YES;
				CLANG_WARN_OBJC_ROOT_CLASS = YES_ERROR;
				CLANG_WARN_RANGE_LOOP_ANALYSIS = YES;
				CLANG_WARN_STRICT_PROTOTYPES = YES;
				CLANG_WARN_SUSPICIOUS_MOVE = YES;
				CLANG_WARN_UNGUARDED_AVAILABILITY = YES_AGGRESSIVE;
				CLANG_WARN_UNREACHABLE_CODE = YES;
				CLANG_WARN__DUPLICATE_METHOD_MATCH = YES;
				CODE_SIGN_IDENTITY = "iPhone Developer";
				COPY_PHASE_STRIP = NO;
				DEBUG_INFORMATION_FORMAT = dwarf;
				ENABLE_STRICT_OBJC_MSGSEND = YES;
				ENABLE_TESTABILITY = YES;
				GCC_C_LANGUAGE_STANDARD = gnu11;
				GCC_DYNAMIC_NO_PIC = NO;
				GCC_NO_COMMON_BLOCKS = YES;
				GCC_OPTIMIZATION_LEVEL = 0;
				GCC_PREPROCESSOR_DEFINITIONS = (
					"DEBUG=1",
					"$(inherited)",
				);
				GCC_WARN_64_TO_32_BIT_CONVERSION = YES;
				GCC_WARN_ABOUT_RETURN_TYPE = YES_ERROR;
				GCC_WARN_UNDECLARED_SELECTOR = YES;
				GCC_WARN_UNINITIALIZED_AUTOS = YES_AGGRESSIVE;
				GCC_WARN_UNUSED_FUNCTION = YES;
				GCC_WARN_UNUSED_VARIABLE = YES;
				IPHONEOS_DEPLOYMENT_TARGET = 11.4;
				MTL_ENABLE_DEBUG_INFO = YES;
				ONLY_ACTIVE_ARCH = YES;
				SDKROOT = iphoneos;
				SWIFT_ACTIVE_COMPILATION_CONDITIONS = DEBUG;
				SWIFT_OPTIMIZATION_LEVEL = "-Onone";
			};
			name = Debug;
		};
		9E80C4CA20C026B7005A5F29 /* Release */ = {
			isa = XCBuildConfiguration;
			buildSettings = {
				ALWAYS_SEARCH_USER_PATHS = NO;
				CLANG_ANALYZER_NONNULL = YES;
				CLANG_ANALYZER_NUMBER_OBJECT_CONVERSION = YES_AGGRESSIVE;
				CLANG_CXX_LANGUAGE_STANDARD = "gnu++14";
				CLANG_CXX_LIBRARY = "libc++";
				CLANG_ENABLE_MODULES = YES;
				CLANG_ENABLE_OBJC_ARC = YES;
				CLANG_ENABLE_OBJC_WEAK = YES;
				CLANG_WARN_BLOCK_CAPTURE_AUTORELEASING = YES;
				CLANG_WARN_BOOL_CONVERSION = YES;
				CLANG_WARN_COMMA = YES;
				CLANG_WARN_CONSTANT_CONVERSION = YES;
				CLANG_WARN_DEPRECATED_OBJC_IMPLEMENTATIONS = YES;
				CLANG_WARN_DIRECT_OBJC_ISA_USAGE = YES_ERROR;
				CLANG_WARN_DOCUMENTATION_COMMENTS = YES;
				CLANG_WARN_EMPTY_BODY = YES;
				CLANG_WARN_ENUM_CONVERSION = YES;
				CLANG_WARN_INFINITE_RECURSION = YES;
				CLANG_WARN_INT_CONVERSION = YES;
				CLANG_WARN_NON_LITERAL_NULL_CONVERSION = YES;
				CLANG_WARN_OBJC_IMPLICIT_RETAIN_SELF = YES;
				CLANG_WARN_OBJC_LITERAL_CONVERSION = YES;
				CLANG_WARN_OBJC_ROOT_CLASS = YES_ERROR;
				CLANG_WARN_RANGE_LOOP_ANALYSIS = YES;
				CLANG_WARN_STRICT_PROTOTYPES = YES;
				CLANG_WARN_SUSPICIOUS_MOVE = YES;
				CLANG_WARN_UNGUARDED_AVAILABILITY = YES_AGGRESSIVE;
				CLANG_WARN_UNREACHABLE_CODE = YES;
				CLANG_WARN__DUPLICATE_METHOD_MATCH = YES;
				CODE_SIGN_IDENTITY = "iPhone Developer";
				COPY_PHASE_STRIP = NO;
				DEBUG_INFORMATION_FORMAT = "dwarf-with-dsym";
				ENABLE_NS_ASSERTIONS = NO;
				ENABLE_STRICT_OBJC_MSGSEND = YES;
				GCC_C_LANGUAGE_STANDARD = gnu11;
				GCC_NO_COMMON_BLOCKS = YES;
				GCC_WARN_64_TO_32_BIT_CONVERSION = YES;
				GCC_WARN_ABOUT_RETURN_TYPE = YES_ERROR;
				GCC_WARN_UNDECLARED_SELECTOR = YES;
				GCC_WARN_UNINITIALIZED_AUTOS = YES_AGGRESSIVE;
				GCC_WARN_UNUSED_FUNCTION = YES;
				GCC_WARN_UNUSED_VARIABLE = YES;
				IPHONEOS_DEPLOYMENT_TARGET = 11.4;
				MTL_ENABLE_DEBUG_INFO = NO;
				SDKROOT = iphoneos;
				SWIFT_COMPILATION_MODE = wholemodule;
				SWIFT_OPTIMIZATION_LEVEL = "-O";
				VALIDATE_PRODUCT = YES;
			};
			name = Release;
		};
		9E80C4CC20C026B7005A5F29 /* Debug */ = {
			isa = XCBuildConfiguration;
			baseConfigurationReference = 1362840234D75756D981F62A /* Pods-SearchFilter.debug.xcconfig */;
			buildSettings = {
				ASSETCATALOG_COMPILER_APPICON_NAME = AppIcon;
				CODE_SIGN_STYLE = Automatic;
				INFOPLIST_FILE = SearchFilter/Info.plist;
				LD_RUNPATH_SEARCH_PATHS = (
					"$(inherited)",
					"@executable_path/Frameworks",
				);
				PRODUCT_BUNDLE_IDENTIFIER = com.example.SearchFilter;
				PRODUCT_NAME = "$(TARGET_NAME)";
				SWIFT_VERSION = 4.0;
				TARGETED_DEVICE_FAMILY = "1,2";
			};
			name = Debug;
		};
		9E80C4CD20C026B7005A5F29 /* Release */ = {
			isa = XCBuildConfiguration;
			baseConfigurationReference = 57091C278C572241BC86EBE6 /* Pods-SearchFilter.release.xcconfig */;
			buildSettings = {
				ASSETCATALOG_COMPILER_APPICON_NAME = AppIcon;
				CODE_SIGN_STYLE = Automatic;
				INFOPLIST_FILE = SearchFilter/Info.plist;
				LD_RUNPATH_SEARCH_PATHS = (
					"$(inherited)",
					"@executable_path/Frameworks",
				);
				PRODUCT_BUNDLE_IDENTIFIER = com.example.SearchFilter;
				PRODUCT_NAME = "$(TARGET_NAME)";
				SWIFT_VERSION = 4.0;
				TARGETED_DEVICE_FAMILY = "1,2";
			};
			name = Release;
		};
/* End XCBuildConfiguration section */

/* Begin XCConfigurationList section */
		9E80C4B420C026B5005A5F29 /* Build configuration list for PBXProject "SearchFilter" */ = {
			isa = XCConfigurationList;
			buildConfigurations = (
				9E80C4C920C026B7005A5F29 /* Debug */,
				9E80C4CA20C026B7005A5F29 /* Release */,
			);
			defaultConfigurationIsVisible = 0;
			defaultConfigurationName = Release;
		};
		9E80C4CB20C026B7005A5F29 /* Build configuration list for PBXNativeTarget "SearchFilter" */ = {
			isa = XCConfigurationList;
			buildConfigurations = (
				9E80C4CC20C026B7005A5F29 /* Debug */,
				9E80C4CD20C026B7005A5F29 /* Release */,
			);
			defaultConfigurationIsVisible = 0;
			defaultConfigurationName = Release;
		};
/* End XCConfigurationList section */
	};
	rootObject = 9E80C4B120C026B5005A5F29 /* Project object */;
}
